Microsoft Visual Studio Solution File, Format Version 12.00
# Visual Studio 2013
Project("{8BC9CEB8-8B4A-11D0-8D11-00A0C91BC942}") = "ALL_BUILD", "ALL_BUILD.vcxproj", "{F278B78D-27B8-4FB4-B9E9-D09EE3A71A1E}"
	ProjectSection(ProjectDependencies) = postProject
		{B05F9499-C620-4747-9175-1C739950A427} = {B05F9499-C620-4747-9175-1C739950A427}
	EndProjectSection
EndProject
Project("{8BC9CEB8-8B4A-11D0-8D11-00A0C91BC942}") = "Game", "Game.vcxproj", "{B05F9499-C620-4747-9175-1C739950A427}"
	ProjectSection(ProjectDependencies) = postProject
		{4B92CFBE-F1EC-4438-9E9C-9965395F8FE0} = {4B92CFBE-F1EC-4438-9E9C-9965395F8FE0}
	EndProjectSection
EndProject
Project("{8BC9CEB8-8B4A-11D0-8D11-00A0C91BC942}") = "ZERO_CHECK", "..\ZERO_CHECK.vcxproj", "{4B92CFBE-F1EC-4438-9E9C-9965395F8FE0}"
	ProjectSection(ProjectDependencies) = postProject
	EndProjectSection
EndProject
Global
	GlobalSection(SolutionConfigurationPlatforms) = preSolution
		Debug|Win32 = Debug|Win32
		Release|Win32 = Release|Win32
		MinSizeRel|Win32 = MinSizeRel|Win32
		RelWithDebInfo|Win32 = RelWithDebInfo|Win32
	EndGlobalSection
	GlobalSection(ProjectConfigurationPlatforms) = postSolution
		{F278B78D-27B8-4FB4-B9E9-D09EE3A71A1E}.Debug|Win32.ActiveCfg = Debug|Win32
		{F278B78D-27B8-4FB4-B9E9-D09EE3A71A1E}.Release|Win32.ActiveCfg = Release|Win32
		{F278B78D-27B8-4FB4-B9E9-D09EE3A71A1E}.MinSizeRel|Win32.ActiveCfg = MinSizeRel|Win32
		{F278B78D-27B8-4FB4-B9E9-D09EE3A71A1E}.RelWithDebInfo|Win32.ActiveCfg = RelWithDebInfo|Win32
		{B05F9499-C620-4747-9175-1C739950A427}.Debug|Win32.ActiveCfg = Debug|Win32
		{B05F9499-C620-4747-9175-1C739950A427}.Debug|Win32.Build.0 = Debug|Win32
		{B05F9499-C620-4747-9175-1C739950A427}.Release|Win32.ActiveCfg = Release|Win32
		{B05F9499-C620-4747-9175-1C739950A427}.Release|Win32.Build.0 = Release|Win32
		{B05F9499-C620-4747-9175-1C739950A427}.MinSizeRel|Win32.ActiveCfg = MinSizeRel|Win32
		{B05F9499-C620-4747-9175-1C739950A427}.MinSizeRel|Win32.Build.0 = MinSizeRel|Win32
		{B05F9499-C620-4747-9175-1C739950A427}.RelWithDebInfo|Win32.ActiveCfg = RelWithDebInfo|Win32
		{B05F9499-C620-4747-9175-1C739950A427}.RelWithDebInfo|Win32.Build.0 = RelWithDebInfo|Win32
		{4B92CFBE-F1EC-4438-9E9C-9965395F8FE0}.Debug|Win32.ActiveCfg = Debug|Win32
		{4B92CFBE-F1EC-4438-9E9C-9965395F8FE0}.Debug|Win32.Build.0 = Debug|Win32
		{4B92CFBE-F1EC-4438-9E9C-9965395F8FE0}.Release|Win32.ActiveCfg = Release|Win32
		{4B92CFBE-F1EC-4438-9E9C-9965395F8FE0}.Release|Win32.Build.0 = Release|Win32
		{4B92CFBE-F1EC-4438-9E9C-9965395F8FE0}.MinSizeRel|Win32.ActiveCfg = MinSizeRel|Win32
		{4B92CFBE-F1EC-4438-9E9C-9965395F8FE0}.MinSizeRel|Win32.Build.0 = MinSizeRel|Win32
		{4B92CFBE-F1EC-4438-9E9C-9965395F8FE0}.RelWithDebInfo|Win32.ActiveCfg = RelWithDebInfo|Win32
		{4B92CFBE-F1EC-4438-9E9C-9965395F8FE0}.RelWithDebInfo|Win32.Build.0 = RelWithDebInfo|Win32
	EndGlobalSection
	GlobalSection(ExtensibilityGlobals) = postSolution
	EndGlobalSection
	GlobalSection(ExtensibilityAddIns) = postSolution
	EndGlobalSection
EndGlobal
