<?xml version="1.0" encoding="utf-8"?>
<Project ToolsVersion="12.0" xmlns="http://schemas.microsoft.com/developer/msbuild/2003">
  <ItemGroup>
    <ClCompile Include="AdDisplayManager.cpp">
      <Filter>Source Files</Filter>
    </ClCompile>
    <ClCompile Include="AnimatedSprite.cpp">
      <Filter>Source Files</Filter>
    </ClCompile>
    <ClCompile Include="Background.cpp">
      <Filter>Source Files</Filter>
    </ClCompile>
    <ClCompile Include="ChangeTileEvent.cpp">
      <Filter>Source Files</Filter>
    </ClCompile>
    <ClCompile Include="DebugDrawer.cpp">
      <Filter>Source Files</Filter>
    </ClCompile>
    <ClCompile Include="DebugText.cpp">
      <Filter>Source Files</Filter>
    </ClCompile>
    <ClCompile Include="Enemy.cpp">
      <Filter>Source Files</Filter>
    </ClCompile>
    <ClCompile Include="Entity.cpp">
      <Filter>Source Files</Filter>
    </ClCompile>
    <ClCompile Include="Event.cpp">
      <Filter>Source Files</Filter>
    </ClCompile>
    <ClCompile Include="EventCreator.cpp">
      <Filter>Source Files</Filter>
    </ClCompile>
    <ClCompile Include="Exit.cpp">
      <Filter>Source Files</Filter>
    </ClCompile>
    <ClCompile Include="Explosion.cpp">
      <Filter>Source Files</Filter>
    </ClCompile>
    <ClCompile Include="FileManager.cpp">
      <Filter>Source Files</Filter>
    </ClCompile>
    <ClCompile Include="Game.cpp">
      <Filter>Source Files</Filter>
    </ClCompile>
    <ClCompile Include="GameInputListener.cpp">
      <Filter>Source Files</Filter>
    </ClCompile>
    <ClCompile Include="GameInputManager.cpp">
      <Filter>Source Files</Filter>
    </ClCompile>
    <ClCompile Include="GameState.cpp">
      <Filter>Source Files</Filter>
    </ClCompile>
    <ClCompile Include="GUIGameOver.cpp">
      <Filter>Source Files</Filter>
    </ClCompile>
    <ClCompile Include="GUIInput.cpp">
      <Filter>Source Files</Filter>
    </ClCompile>
    <ClCompile Include="GUIInstructions.cpp">
      <Filter>Source Files</Filter>
    </ClCompile>
    <ClCompile Include="GUIManager.cpp">
      <Filter>Source Files</Filter>
    </ClCompile>
    <ClCompile Include="GUIStatistics.cpp">
      <Filter>Source Files</Filter>
    </ClCompile>
    <ClCompile Include="GUITutorial.cpp">
      <Filter>Source Files</Filter>
    </ClCompile>
    <ClCompile Include="HUD.cpp">
      <Filter>Source Files</Filter>
    </ClCompile>
    <ClCompile Include="HUDMessageBox.cpp">
      <Filter>Source Files</Filter>
    </ClCompile>
    <ClCompile Include="IDGenerator.cpp">
      <Filter>Source Files</Filter>
    </ClCompile>
    <ClCompile Include="InputListener.cpp">
      <Filter>Source Files</Filter>
    </ClCompile>
    <ClCompile Include="LevelList.cpp">
      <Filter>Source Files</Filter>
    </ClCompile>
    <ClCompile Include="LevelState.cpp">
      <Filter>Source Files</Filter>
    </ClCompile>
    <ClCompile Include="main.cpp">
      <Filter>Source Files</Filter>
    </ClCompile>
    <ClCompile Include="MainMenu.cpp">
      <Filter>Source Files</Filter>
    </ClCompile>
    <ClCompile Include="Map.cpp">
      <Filter>Source Files</Filter>
    </ClCompile>
    <ClCompile Include="MapEditor.cpp">
      <Filter>Source Files</Filter>
    </ClCompile>
    <ClCompile Include="MapInfo.cpp">
      <Filter>Source Files</Filter>
    </ClCompile>
    <ClCompile Include="MapManager.cpp">
      <Filter>Source Files</Filter>
    </ClCompile>
    <ClCompile Include="MathUtil.cpp">
      <Filter>Source Files</Filter>
    </ClCompile>
    <ClCompile Include="MessageEvent.cpp">
      <Filter>Source Files</Filter>
    </ClCompile>
    <ClCompile Include="Object.cpp">
      <Filter>Source Files</Filter>
    </ClCompile>
    <ClCompile Include="ogre2d-main.cpp">
      <Filter>Source Files</Filter>
    </ClCompile>
    <ClCompile Include="PauseManager.cpp">
      <Filter>Source Files</Filter>
    </ClCompile>
    <ClCompile Include="Player.cpp">
      <Filter>Source Files</Filter>
    </ClCompile>
    <ClCompile Include="SaveStateManager.cpp">
      <Filter>Source Files</Filter>
    </ClCompile>
    <ClCompile Include="Screenplay.cpp">
      <Filter>Source Files</Filter>
    </ClCompile>
    <ClCompile Include="Settings.cpp">
      <Filter>Source Files</Filter>
    </ClCompile>
    <ClCompile Include="ShaderManager.cpp">
      <Filter>Source Files</Filter>
    </ClCompile>
    <ClCompile Include="Shot.cpp">
      <Filter>Source Files</Filter>
    </ClCompile>
    <ClCompile Include="SnapshotManager.cpp">
      <Filter>Source Files</Filter>
    </ClCompile>
    <ClCompile Include="Sprite.cpp">
      <Filter>Source Files</Filter>
    </ClCompile>
    <ClCompile Include="SpriteTransformPipeline.cpp">
      <Filter>Source Files</Filter>
    </ClCompile>
    <ClCompile Include="Switch.cpp">
      <Filter>Source Files</Filter>
    </ClCompile>
    <ClCompile Include="Tile.cpp">
      <Filter>Source Files</Filter>
    </ClCompile>
    <ClCompile Include="ToggleEvent.cpp">
      <Filter>Source Files</Filter>
    </ClCompile>
    <ClCompile Include="TutorialManager.cpp">
      <Filter>Source Files</Filter>
    </ClCompile>
    <ClCompile Include="Util.cpp">
      <Filter>Source Files</Filter>
    </ClCompile>
    <ClCompile Include="Video.cpp">
      <Filter>Source Files</Filter>
    </ClCompile>
    <ClCompile Include="Weapon.cpp">
      <Filter>Source Files</Filter>
    </ClCompile>
    <ClCompile Include="XMLHelper.cpp">
      <Filter>Source Files</Filter>
    </ClCompile>
  </ItemGroup>
  <ItemGroup>
    <ClInclude Include="AdDisplayManager.hpp">
      <Filter>Header Files</Filter>
    </ClInclude>
    <ClInclude Include="AnimatedSprite.hpp">
      <Filter>Header Files</Filter>
    </ClInclude>
    <ClInclude Include="Background.hpp">
      <Filter>Header Files</Filter>
    </ClInclude>
    <ClInclude Include="BarIndicator.hpp">
      <Filter>Header Files</Filter>
    </ClInclude>
    <ClInclude Include="BoundingBox2d.hpp">
      <Filter>Header Files</Filter>
    </ClInclude>
    <ClInclude Include="CameraRestriction.hpp">
      <Filter>Header Files</Filter>
    </ClInclude>
    <ClInclude Include="ChangeTileEvent.hpp">
      <Filter>Header Files</Filter>
    </ClInclude>
    <ClInclude Include="CheatDefines.hpp">
      <Filter>Header Files</Filter>
    </ClInclude>
    <ClInclude Include="CollisionDefines.hpp">
      <Filter>Header Files</Filter>
    </ClInclude>
    <ClInclude Include="Constants.hpp">
      <Filter>Header Files</Filter>
    </ClInclude>
    <ClInclude Include="DebugDefines.hpp">
      <Filter>Header Files</Filter>
    </ClInclude>
    <ClInclude Include="DebugDrawer.hpp">
      <Filter>Header Files</Filter>
    </ClInclude>
    <ClInclude Include="DebugText.hpp">
      <Filter>Header Files</Filter>
    </ClInclude>
    <ClInclude Include="Enemy.hpp">
      <Filter>Header Files</Filter>
    </ClInclude>
    <ClInclude Include="Entity.hpp">
      <Filter>Header Files</Filter>
    </ClInclude>
    <ClInclude Include="Event.hpp">
      <Filter>Header Files</Filter>
    </ClInclude>
    <ClInclude Include="EventCreator.hpp">
      <Filter>Header Files</Filter>
    </ClInclude>
    <ClInclude Include="Exit.hpp">
      <Filter>Header Files</Filter>
    </ClInclude>
    <ClInclude Include="Explosion.hpp">
      <Filter>Header Files</Filter>
    </ClInclude>
    <ClInclude Include="Fader.hpp">
      <Filter>Header Files</Filter>
    </ClInclude>
    <ClInclude Include="FileManager.hpp">
      <Filter>Header Files</Filter>
    </ClInclude>
    <ClInclude Include="Game.hpp">
      <Filter>Header Files</Filter>
    </ClInclude>
    <ClInclude Include="GameInputCommand.hpp">
      <Filter>Header Files</Filter>
    </ClInclude>
    <ClInclude Include="GameInputListener.hpp">
      <Filter>Header Files</Filter>
    </ClInclude>
    <ClInclude Include="GameInputManager.hpp">
      <Filter>Header Files</Filter>
    </ClInclude>
    <ClInclude Include="GameState.hpp">
      <Filter>Header Files</Filter>
    </ClInclude>
    <ClInclude Include="Grid2d.hpp">
      <Filter>Header Files</Filter>
    </ClInclude>
    <ClInclude Include="GUICredits.hpp">
      <Filter>Header Files</Filter>
    </ClInclude>
    <ClInclude Include="GUIGameOver.hpp">
      <Filter>Header Files</Filter>
    </ClInclude>
    <ClInclude Include="GUIInput.hpp">
      <Filter>Header Files</Filter>
    </ClInclude>
    <ClInclude Include="GUIInstructions.hpp">
      <Filter>Header Files</Filter>
    </ClInclude>
    <ClInclude Include="GUIManager.hpp">
      <Filter>Header Files</Filter>
    </ClInclude>
    <ClInclude Include="GUIStatistics.hpp">
      <Filter>Header Files</Filter>
    </ClInclude>
    <ClInclude Include="GUITutorial.hpp">
      <Filter>Header Files</Filter>
    </ClInclude>
    <ClInclude Include="HitableObject.hpp">
      <Filter>Header Files</Filter>
    </ClInclude>
    <ClInclude Include="HUD.hpp">
      <Filter>Header Files</Filter>
    </ClInclude>
    <ClInclude Include="HUDElement.hpp">
      <Filter>Header Files</Filter>
    </ClInclude>
    <ClInclude Include="HUDMessageBox.hpp">
      <Filter>Header Files</Filter>
    </ClInclude>
    <ClInclude Include="IDGenerator.hpp">
      <Filter>Header Files</Filter>
    </ClInclude>
    <ClInclude Include="InputDefines.hpp">
      <Filter>Header Files</Filter>
    </ClInclude>
    <ClInclude Include="InputListener.hpp">
      <Filter>Header Files</Filter>
    </ClInclude>
    <ClInclude Include="LevelList.hpp">
      <Filter>Header Files</Filter>
    </ClInclude>
    <ClInclude Include="LevelState.hpp">
      <Filter>Header Files</Filter>
    </ClInclude>
    <ClInclude Include="Link.hpp">
      <Filter>Header Files</Filter>
    </ClInclude>
    <ClInclude Include="MainMenu.hpp">
      <Filter>Header Files</Filter>
    </ClInclude>
    <ClInclude Include="MainMenuStates.hpp">
      <Filter>Header Files</Filter>
    </ClInclude>
    <ClInclude Include="Map.hpp">
      <Filter>Header Files</Filter>
    </ClInclude>
    <ClInclude Include="MapEditor.hpp">
      <Filter>Header Files</Filter>
    </ClInclude>
    <ClInclude Include="MapInfo.hpp">
      <Filter>Header Files</Filter>
    </ClInclude>
    <ClInclude Include="MapManager.hpp">
      <Filter>Header Files</Filter>
    </ClInclude>
    <ClInclude Include="MathUtil.hpp">
      <Filter>Header Files</Filter>
    </ClInclude>
    <ClInclude Include="MessageEvent.hpp">
      <Filter>Header Files</Filter>
    </ClInclude>
    <ClInclude Include="Object.hpp">
      <Filter>Header Files</Filter>
    </ClInclude>
    <ClInclude Include="ogre2d-main.hpp">
      <Filter>Header Files</Filter>
    </ClInclude>
    <ClInclude Include="OutputStyle.hpp">
      <Filter>Header Files</Filter>
    </ClInclude>
    <ClInclude Include="PauseCaller.hpp">
      <Filter>Header Files</Filter>
    </ClInclude>
    <ClInclude Include="PauseListener.hpp">
      <Filter>Header Files</Filter>
    </ClInclude>
    <ClInclude Include="PauseManager.hpp">
      <Filter>Header Files</Filter>
    </ClInclude>
    <ClInclude Include="Player.hpp">
      <Filter>Header Files</Filter>
    </ClInclude>
    <ClInclude Include="SaveStateManager.hpp">
      <Filter>Header Files</Filter>
    </ClInclude>
    <ClInclude Include="Screenplay.hpp">
      <Filter>Header Files</Filter>
    </ClInclude>
    <ClInclude Include="ScreenplayListener.hpp">
      <Filter>Header Files</Filter>
    </ClInclude>
    <ClInclude Include="Settings.hpp">
      <Filter>Header Files</Filter>
    </ClInclude>
    <ClInclude Include="ShaderGenerator.hpp">
      <Filter>Header Files</Filter>
    </ClInclude>
    <ClInclude Include="ShaderManager.hpp">
      <Filter>Header Files</Filter>
    </ClInclude>
    <ClInclude Include="Shot.hpp">
      <Filter>Header Files</Filter>
    </ClInclude>
    <ClInclude Include="Snapshot.hpp">
      <Filter>Header Files</Filter>
    </ClInclude>
    <ClInclude Include="SnapshotManager.hpp">
      <Filter>Header Files</Filter>
    </ClInclude>
    <ClInclude Include="Sprite.hpp">
      <Filter>Header Files</Filter>
    </ClInclude>
    <ClInclude Include="SpriteTexture.hpp">
      <Filter>Header Files</Filter>
    </ClInclude>
    <ClInclude Include="SpriteTransformPipeline.hpp">
      <Filter>Header Files</Filter>
    </ClInclude>
    <ClInclude Include="Statistics.hpp">
      <Filter>Header Files</Filter>
    </ClInclude>
    <ClInclude Include="Switch.hpp">
      <Filter>Header Files</Filter>
    </ClInclude>
    <ClInclude Include="Tile.hpp">
      <Filter>Header Files</Filter>
    </ClInclude>
    <ClInclude Include="TileTypes.hpp">
      <Filter>Header Files</Filter>
    </ClInclude>
    <ClInclude Include="ToggleEvent.hpp">
      <Filter>Header Files</Filter>
    </ClInclude>
    <ClInclude Include="TutorialManager.hpp">
      <Filter>Header Files</Filter>
    </ClInclude>
    <ClInclude Include="Util.hpp">
      <Filter>Header Files</Filter>
    </ClInclude>
    <ClInclude Include="Video.hpp">
      <Filter>Header Files</Filter>
    </ClInclude>
    <ClInclude Include="Weapon.hpp">
      <Filter>Header Files</Filter>
    </ClInclude>
    <ClInclude Include="XMLHelper.hpp">
      <Filter>Header Files</Filter>
    </ClInclude>
  </ItemGroup>
  <ItemGroup>
    <CustomBuild Include="CMakeLists.txt" />
  </ItemGroup>
  <ItemGroup>
    <Filter Include="Source Files">
      <UniqueIdentifier>{BB036534-B692-4EBF-B068-2268694A15EF}</UniqueIdentifier>
    </Filter>
    <Filter Include="Header Files">
      <UniqueIdentifier>{2B463AA5-4EDF-423B-B5C0-F604703C3F6C}</UniqueIdentifier>
    </Filter>
  </ItemGroup>
</Project>
