<?xml version="1.0" encoding="UTF-8" standalone="yes" ?>
<CodeBlocks_project_file>
	<FileVersion major="1" minor="6" />
	<Project>
		<Option title="Mencus" />
		<Option pch_mode="2" />
		<Option compiler="gcc" />
		<Build>
			<Target title="Debug">
				<Option output="../build_linux/bin/Game" prefix_auto="1" extension_auto="1" />
				<Option working_dir="../build_linux" />
				<Option object_output="obj/Debug/" />
				<Option type="1" />
				<Option compiler="gcc" />
				<Compiler>
					<Add option="-g" />
				</Compiler>
			</Target>
			<Target title="Release">
				<Option output="../bin/Game" prefix_auto="1" extension_auto="1" />
				<Option working_dir="../bin" />
				<Option object_output="obj/Release/" />
				<Option type="1" />
				<Option compiler="gcc" />
				<Compiler>
					<Add option="-O2" />
				</Compiler>
				<Linker>
					<Add option="-s" />
				</Linker>
			</Target>
		</Build>
		<Compiler>
			<Add option="-std=c++11" />
			<Add option="-Wall" />
			<Add directory="../" />
			<Add directory="../build_linux/include" />
			<Add directory="../Game" />
		</Compiler>
		<Linker>
			<Add library="boost_system" />
		</Linker>
		<Unit filename="../Game/AdDisplayManager.cpp" />
		<Unit filename="../Game/AdDisplayManager.hpp" />
		<Unit filename="../Game/Android/Android.hpp" />
		<Unit filename="../Game/Android/AndroidInput.hpp" />
		<Unit filename="../Game/Android/Logger.hpp" />
		<Unit filename="../Game/Android/OgreStaticPluginLoader.h" />
		<Unit filename="../Game/AnimatedSprite.cpp" />
		<Unit filename="../Game/AnimatedSprite.hpp" />
		<Unit filename="../Game/Assert.hpp" />
		<Unit filename="../Game/Background.cpp" />
		<Unit filename="../Game/Background.hpp" />
		<Unit filename="../Game/BarIndicator.hpp" />
		<Unit filename="../Game/BoundingBox2d.hpp" />
		<Unit filename="../Game/CameraRestriction.hpp" />
		<Unit filename="../Game/CheatDefines.hpp" />
		<Unit filename="../Game/CollisionDefines.hpp" />
		<Unit filename="../Game/Constants.hpp" />
		<Unit filename="../Game/DebugDefines.hpp" />
		<Unit filename="../Game/DebugDrawer.cpp" />
		<Unit filename="../Game/DebugDrawer.hpp" />
		<Unit filename="../Game/DebugText.cpp" />
		<Unit filename="../Game/DebugText.hpp" />
		<Unit filename="../Game/EditBoxes/EditBoxBase.hpp" />
		<Unit filename="../Game/EditBoxes/EditBoxExit.hpp" />
		<Unit filename="../Game/EditBoxes/EditBoxFloat.hpp" />
		<Unit filename="../Game/EditBoxes/EditBoxListener.hpp" />
		<Unit filename="../Game/EditBoxes/EditBoxString.hpp" />
		<Unit filename="../Game/EditBoxes/EditBoxText.hpp" />
		<Unit filename="../Game/EditBoxes/EditBoxTileType.hpp" />
		<Unit filename="../Game/EditBoxes/EditBoxUIntVector2.hpp" />
		<Unit filename="../Game/Enemy.cpp" />
		<Unit filename="../Game/Enemy.hpp" />
		<Unit filename="../Game/Entity.cpp" />
		<Unit filename="../Game/Entity.hpp" />
		<Unit filename="../Game/Events/ChangeTileEvent.cpp" />
		<Unit filename="../Game/Events/ChangeTileEvent.hpp" />
		<Unit filename="../Game/Events/CreateEvent.cpp" />
		<Unit filename="../Game/Events/CreateEvent.hpp" />
		<Unit filename="../Game/Events/Event.cpp" />
		<Unit filename="../Game/Events/Event.hpp" />
		<Unit filename="../Game/Events/EventCreator.cpp" />
		<Unit filename="../Game/Events/EventCreator.hpp" />
		<Unit filename="../Game/Events/EventEmitter.cpp" />
		<Unit filename="../Game/Events/EventEmitter.hpp" />
		<Unit filename="../Game/Events/InjectMessageEvent.cpp" />
		<Unit filename="../Game/Events/InjectMessageEvent.hpp" />
		<Unit filename="../Game/Events/MessageEvent.cpp" />
		<Unit filename="../Game/Events/MessageEvent.hpp" />
		<Unit filename="../Game/Events/ToggleEvent.cpp" />
		<Unit filename="../Game/Events/ToggleEvent.hpp" />
		<Unit filename="../Game/Exit.cpp" />
		<Unit filename="../Game/Exit.hpp" />
		<Unit filename="../Game/Explosion.cpp" />
		<Unit filename="../Game/Explosion.hpp" />
		<Unit filename="../Game/Fader.hpp" />
		<Unit filename="../Game/FileManager.cpp" />
		<Unit filename="../Game/FileManager.hpp" />
		<Unit filename="../Game/GUICredits.hpp" />
		<Unit filename="../Game/GUIGameOver.cpp" />
		<Unit filename="../Game/GUIGameOver.hpp" />
		<Unit filename="../Game/GUIInput.cpp" />
		<Unit filename="../Game/GUIInput.hpp" />
		<Unit filename="../Game/GUIInstructions.cpp" />
		<Unit filename="../Game/GUIInstructions.hpp" />
		<Unit filename="../Game/GUIManager.cpp" />
		<Unit filename="../Game/GUIManager.hpp" />
		<Unit filename="../Game/GUIStatistics.cpp" />
		<Unit filename="../Game/GUIStatistics.hpp" />
		<Unit filename="../Game/GUITutorial.cpp" />
		<Unit filename="../Game/GUITutorial.hpp" />
		<Unit filename="../Game/Game.cpp" />
		<Unit filename="../Game/Game.hpp" />
		<Unit filename="../Game/GameInputCommand.hpp" />
		<Unit filename="../Game/GameInputListener.cpp" />
		<Unit filename="../Game/GameInputListener.hpp" />
		<Unit filename="../Game/GameInputManager.cpp" />
		<Unit filename="../Game/GameInputManager.hpp" />
		<Unit filename="../Game/GameState.cpp" />
		<Unit filename="../Game/GameState.hpp" />
		<Unit filename="../Game/Grid2d.hpp" />
		<Unit filename="../Game/HUD.cpp" />
		<Unit filename="../Game/HUD.hpp" />
		<Unit filename="../Game/HUDElement.hpp" />
		<Unit filename="../Game/HUDMessageBox.cpp" />
		<Unit filename="../Game/HUDMessageBox.hpp" />
		<Unit filename="../Game/HitableObject.hpp" />
		<Unit filename="../Game/IDGenerator.cpp" />
		<Unit filename="../Game/IDGenerator.hpp" />
		<Unit filename="../Game/InputDefines.hpp" />
		<Unit filename="../Game/InputListener.cpp" />
		<Unit filename="../Game/InputListener.hpp" />
		<Unit filename="../Game/LevelList.cpp" />
		<Unit filename="../Game/LevelList.hpp" />
		<Unit filename="../Game/LevelState.cpp" />
		<Unit filename="../Game/LevelState.hpp" />
		<Unit filename="../Game/Link.hpp" />
		<Unit filename="../Game/Log.hpp" />
		<Unit filename="../Game/MainMenu.cpp" />
		<Unit filename="../Game/MainMenu.hpp" />
		<Unit filename="../Game/MainMenuStates.hpp" />
		<Unit filename="../Game/Map.cpp" />
		<Unit filename="../Game/Map.hpp" />
		<Unit filename="../Game/MapEditor.cpp" />
		<Unit filename="../Game/MapEditor.hpp" />
		<Unit filename="../Game/MapInfo.cpp" />
		<Unit filename="../Game/MapInfo.hpp" />
		<Unit filename="../Game/MapManager.cpp" />
		<Unit filename="../Game/MapManager.hpp" />
		<Unit filename="../Game/MapPack.cpp" />
		<Unit filename="../Game/MapPack.hpp" />
		<Unit filename="../Game/MathUtil.cpp" />
		<Unit filename="../Game/MathUtil.hpp" />
		<Unit filename="../Game/Message.hpp" />
		<Unit filename="../Game/MessageHandler.cpp" />
		<Unit filename="../Game/MessageHandler.hpp" />
		<Unit filename="../Game/MessageInjector.hpp" />
		<Unit filename="../Game/MissionState.cpp" />
		<Unit filename="../Game/MissionState.hpp" />
		<Unit filename="../Game/Object.cpp" />
		<Unit filename="../Game/Object.hpp" />
		<Unit filename="../Game/OutputStyle.hpp" />
		<Unit filename="../Game/PauseCaller.hpp" />
		<Unit filename="../Game/PauseListener.hpp" />
		<Unit filename="../Game/PauseManager.cpp" />
		<Unit filename="../Game/PauseManager.hpp" />
		<Unit filename="../Game/PhysicsEntity.cpp" />
		<Unit filename="../Game/PhysicsEntity.hpp" />
		<Unit filename="../Game/Player.cpp" />
		<Unit filename="../Game/Player.hpp" />
		<Unit filename="../Game/Plugins/GUILevelSelect.cpp" />
		<Unit filename="../Game/Plugins/GUILevelSelect.hpp" />
		<Unit filename="../Game/Plugins/GUIOverlay.hpp" />
		<Unit filename="../Game/Plugins/GUISettings/GUIInputSettings.cpp" />
		<Unit filename="../Game/Plugins/GUISettings/GUIInputSettings.hpp" />
		<Unit filename="../Game/Plugins/GUISettings/GUISettingsWindow.cpp" />
		<Unit filename="../Game/Plugins/GUISettings/GUISettingsWindow.hpp" />
		<Unit filename="../Game/Plugins/GUISettings/GUIVideoSettings.cpp" />
		<Unit filename="../Game/Plugins/GUISettings/GUIVideoSettings.hpp" />
		<Unit filename="../Game/Plugins/GUIToolsMenu.cpp" />
		<Unit filename="../Game/Plugins/GUIToolsMenu.hpp" />
		<Unit filename="../Game/Plugins/SocialGaming/Achievements.hpp" />
		<Unit filename="../Game/Plugins/SocialGaming/DefaultGameData.cpp" />
		<Unit filename="../Game/Plugins/SocialGaming/DefaultGameData.hpp" />
		<Unit filename="../Game/Plugins/SocialGaming/GameCircle.cpp" />
		<Unit filename="../Game/Plugins/SocialGaming/GameCircle.hpp" />
		<Unit filename="../Game/Plugins/SocialGaming/GameData.hpp" />
		<Unit filename="../Game/Plugins/SocialGaming/Leaderboards.hpp" />
		<Unit filename="../Game/Plugins/SocialGaming/MessageTypes.hpp" />
		<Unit filename="../Game/Plugins/SocialGaming/Overlay.cpp" />
		<Unit filename="../Game/Plugins/SocialGaming/Overlay.hpp" />
		<Unit filename="../Game/Plugins/SocialGaming/SocialGaming.cpp" />
		<Unit filename="../Game/Plugins/SocialGaming/SocialGaming.hpp" />
		<Unit filename="../Game/Plugins/SocialGaming/SocialGamingConnectionInterface.cpp" />
		<Unit filename="../Game/Plugins/SocialGaming/SocialGamingConnectionInterface.hpp" />
		<Unit filename="../Game/Plugins/SocialGaming/WhispersyncGameData.cpp" />
		<Unit filename="../Game/Plugins/SocialGaming/WhispersyncGameData.hpp" />
		<Unit filename="../Game/Region.hpp" />
		<Unit filename="../Game/SaveStateManager.cpp" />
		<Unit filename="../Game/SaveStateManager.hpp" />
		<Unit filename="../Game/Screenplay.cpp" />
		<Unit filename="../Game/Screenplay.hpp" />
		<Unit filename="../Game/ScreenplayListener.hpp" />
		<Unit filename="../Game/Settings.cpp" />
		<Unit filename="../Game/Settings.hpp" />
		<Unit filename="../Game/ShaderGenerator.hpp" />
		<Unit filename="../Game/ShaderManager.cpp" />
		<Unit filename="../Game/ShaderManager.hpp" />
		<Unit filename="../Game/Shot.cpp" />
		<Unit filename="../Game/Shot.hpp" />
		<Unit filename="../Game/Sleep.cpp" />
		<Unit filename="../Game/Sleep.hpp" />
		<Unit filename="../Game/Snapshot.hpp" />
		<Unit filename="../Game/SnapshotManager.cpp" />
		<Unit filename="../Game/SnapshotManager.hpp" />
		<Unit filename="../Game/Sprite.cpp" />
		<Unit filename="../Game/Sprite.hpp" />
		<Unit filename="../Game/SpriteTexture.hpp" />
		<Unit filename="../Game/SpriteTransformPipeline.cpp" />
		<Unit filename="../Game/SpriteTransformPipeline.hpp" />
		<Unit filename="../Game/Statistics.hpp" />
		<Unit filename="../Game/Switch.cpp" />
		<Unit filename="../Game/Switch.hpp" />
		<Unit filename="../Game/Tile.cpp" />
		<Unit filename="../Game/Tile.hpp" />
		<Unit filename="../Game/TileTypes.hpp" />
		<Unit filename="../Game/TutorialManager.cpp" />
		<Unit filename="../Game/TutorialManager.hpp" />
		<Unit filename="../Game/Util.cpp" />
		<Unit filename="../Game/Util.hpp" />
		<Unit filename="../Game/Video.cpp" />
		<Unit filename="../Game/Video.hpp" />
		<Unit filename="../Game/Weapon.cpp" />
		<Unit filename="../Game/Weapon.hpp" />
		<Unit filename="../Game/XMLHelper.cpp" />
		<Unit filename="../Game/XMLHelper.hpp" />
		<Unit filename="../Game/XMLResources/Manager.cpp" />
		<Unit filename="../Game/XMLResources/Manager.hpp" />
		<Unit filename="../Game/main.cpp" />
		<Unit filename="../Game/ogre2d-main.cpp" />
		<Unit filename="../Game/ogre2d-main.hpp" />
		<Unit filename="../build_linux/include/GlobalBuildDefines.hpp" />
		<Unit filename="../level/level1/instructions.txt" />
		<Unit filename="../level/level1/scene3.xml" />
		<Unit filename="../level/level2/instructions.txt" />
		<Unit filename="../level/level2/scene2.xml" />
		<Unit filename="../level/level2/scene3.xml" />
		<Unit filename="../level/level3/instructions.txt" />
		<Unit filename="../level/level3/scene2.xml" />
		<Unit filename="../level/level4/instructions.txt" />
		<Unit filename="../level/level4/scene2.xml" />
		<Unit filename="../level/level5/instructions.txt" />
		<Unit filename="../level/level5/scene2.xml" />
		<Unit filename="../level/level5/scene3.xml" />
		<Unit filename="../level/level6/instructions.txt" />
		<Unit filename="../level/level6/scene1.xml" />
		<Unit filename="../level/screenplay.xml" />
		<Extensions>
			<envvars />
			<code_completion />
			<debugger />
			<lib_finder>
				<lib name="OIS" />
				<lib name="OGRE" />
				<lib name="CEGUI-0" />
				<lib name="CEGUI-0-OGRE" />
				<lib name="tinyxml2" />
				<lib name="OGRE-Overlay" />
			</lib_finder>
		</Extensions>
	</Project>
</CodeBlocks_project_file>
