<?xml version="1.0" encoding="utf-8"?>
<Project ToolsVersion="12.0" xmlns="http://schemas.microsoft.com/developer/msbuild/2003">
  <ItemGroup>
    <CustomBuild Include="..\..\FileConverter\CMakeLists.txt" />
    <CustomBuild Include="..\CMakeFiles\6bade8c3c6687fb681cda25a2e4fe1c6\ALL_BUILD.rule">
      <Filter>CMake Rules</Filter>
    </CustomBuild>
  </ItemGroup>
  <ItemGroup>
    <None Include="CMakeFiles\ALL_BUILD" />
  </ItemGroup>
  <ItemGroup>
    <Filter Include="CMake Rules">
      <UniqueIdentifier>{AE3F9291-9776-42F4-A4CB-7533FA7BDC9A}</UniqueIdentifier>
    </Filter>
  </ItemGroup>
</Project>
